PODS:
  - FileKit (5.2.0)
  - SHPathManager (1.0.8):
    - FileKit
    - SHTManager
    - SwiftDate
  - SHTManager (1.0.5):
    - SwiftDate
  - SwiftDate (6.1.0)
  - UnrarKit (2.9):
    - UnrarKit/unrar-lib (= 2.9)
  - UnrarKit/unrar-lib (2.9)
  - Zip (1.1.0)

DEPENDENCIES:
  - FileKit
  - SHPathManager
  - SHTManager
  - SwiftDate
  - UnrarKit
  - Zip

SPEC REPOS:
  trunk:
    - FileKit
    - SHPathManager
    - SHTManager
    - SwiftDate
    - UnrarKit
    - Zip

SPEC CHECKSUMS:
  FileKit: 10bfd8a3023a0b09f24c9f49546cbbddf43fd464
  SHPathManager: 0a13e99bb61866eb73c1640c3d48ad097644520a
  SHTManager: 522c4fc950b5b0622d7e02b381b26689e6b42739
  SwiftDate: fa2bb3962056bb44047b4b85a30044e5eae30b03
  UnrarKit: 99e3f0222a98a212188e1a6975dcf5aa798d26dd
  Zip: 8877eede3dda76bcac281225c20e71c25270774c

PODFILE CHECKSUM: 6b859763f1d43498c3c82cb966472394e433fea5

COCOAPODS: 1.8.4
