PODS:
  - FileKit (5.2.0)
  - SHPathManager (0.2.5):
    - FileKit
    - SHTManager
    - SwiftDate
  - SHTManager (0.2.6):
    - SwiftDate
  - SSZipArchive (2.1.4)
  - SwiftDate (5.0.13)
  - UnrarKit (2.8.1):
    - UnrarKit/unrar-lib (= 2.8.1)
  - UnrarKit/unrar-lib (2.8.1)
  - Zip (1.1.0)

DEPENDENCIES:
  - FileKit
  - SHPathManager
  - SHTManager
  - SSZipArchive
  - SwiftDate
  - UnrarKit
  - Zip

SPEC REPOS:
  https://github.com/cocoapods/specs.git:
    - FileKit
    - SHPathManager
    - SHTManager
    - SSZipArchive
    - SwiftDate
    - UnrarKit
    - Zip

SPEC CHECKSUMS:
  FileKit: 10bfd8a3023a0b09f24c9f49546cbbddf43fd464
  SHPathManager: 4339e3984ad25cd9d6e4e1beb7b122e471fc3f66
  SHTManager: 831cbebc8ea9ce02e81d06277642d952210904f6
  SSZipArchive: 41455d4b8d2b6ab93990820b50dc697c2554a322
  SwiftDate: f4aea5fa9dee812485f34041121a4cbde01b0dee
  UnrarKit: 167602bda6542e575c4cdc068509d6b787f84468
  Zip: 8877eede3dda76bcac281225c20e71c25270774c

PODFILE CHECKSUM: 31bce77d638120ecf0dc6c840084e5a25f8585cd

COCOAPODS: 1.6.0.beta.2
