// !$*UTF8*$!
{
	archiveVersion = 1;
	classes = {
	};
	objectVersion = 50;
	objects = {

/* Begin PBXBuildFile section */
		D655AE9B213988CD00EDD513 /* univeralZipRarObject.swift in Sources */ = {isa = PBXBuildFile; fileRef = D655AE9A213988CD00EDD513 /* univeralZipRarObject.swift */; };
		D655AE9E213988E600EDD513 /* LICENSE in Resources */ = {isa = PBXBuildFile; fileRef = D655AE9C213988E600EDD513 /* LICENSE */; };
		D655AE9F213988E600EDD513 /* README.md in Resources */ = {isa = PBXBuildFile; fileRef = D655AE9D213988E600EDD513 /* README.md */; };
		D655AEA1213988EB00EDD513 /* UnZipAndRar.podspec in Resources */ = {isa = PBXBuildFile; fileRef = D655AEA0213988EB00EDD513 /* UnZipAndRar.podspec */; };
		D68BC441213988310031CF16 /* AppDelegate.swift in Sources */ = {isa = PBXBuildFile; fileRef = D68BC440213988310031CF16 /* AppDelegate.swift */; };
		D68BC448213988330031CF16 /* Assets.xcassets in Resources */ = {isa = PBXBuildFile; fileRef = D68BC447213988330031CF16 /* Assets.xcassets */; };
		D68BC44B213988330031CF16 /* LaunchScreen.storyboard in Resources */ = {isa = PBXBuildFile; fileRef = D68BC449213988330031CF16 /* LaunchScreen.storyboard */; };
/* End PBXBuildFile section */

/* Begin PBXFileReference section */
		D655AE9A213988CD00EDD513 /* univeralZipRarObject.swift */ = {isa = PBXFileReference; fileEncoding = 4; lastKnownFileType = sourcecode.swift; path = univeralZipRarObject.swift; sourceTree = "<group>"; };
		D655AE9C213988E600EDD513 /* LICENSE */ = {isa = PBXFileReference; fileEncoding = 4; lastKnownFileType = text; path = LICENSE; sourceTree = "<group>"; };
		D655AE9D213988E600EDD513 /* README.md */ = {isa = PBXFileReference; fileEncoding = 4; lastKnownFileType = net.daringfireball.markdown; path = README.md; sourceTree = "<group>"; };
		D655AEA0213988EB00EDD513 /* UnZipAndRar.podspec */ = {isa = PBXFileReference; fileEncoding = 4; lastKnownFileType = text; path = UnZipAndRar.podspec; sourceTree = "<group>"; };
		D68BC43D213988310031CF16 /* UnZipAndRar.app */ = {isa = PBXFileReference; explicitFileType = wrapper.application; includeInIndex = 0; path = UnZipAndRar.app; sourceTree = BUILT_PRODUCTS_DIR; };
		D68BC440213988310031CF16 /* AppDelegate.swift */ = {isa = PBXFileReference; lastKnownFileType = sourcecode.swift; path = AppDelegate.swift; sourceTree = "<group>"; };
		D68BC447213988330031CF16 /* Assets.xcassets */ = {isa = PBXFileReference; lastKnownFileType = folder.assetcatalog; path = Assets.xcassets; sourceTree = "<group>"; };
		D68BC44A213988330031CF16 /* Base */ = {isa = PBXFileReference; lastKnownFileType = file.storyboard; name = Base; path = Base.lproj/LaunchScreen.storyboard; sourceTree = "<group>"; };
		D68BC44C213988330031CF16 /* Info.plist */ = {isa = PBXFileReference; lastKnownFileType = text.plist.xml; path = Info.plist; sourceTree = "<group>"; };
/* End PBXFileReference section */

/* Begin PBXFrameworksBuildPhase section */
		D68BC43A213988310031CF16 /* Frameworks */ = {
			isa = PBXFrameworksBuildPhase;
			buildActionMask = 2147483647;
			files = (
			);
			runOnlyForDeploymentPostprocessing = 0;
		};
/* End PBXFrameworksBuildPhase section */

/* Begin PBXGroup section */
		D68BC434213988310031CF16 = {
			isa = PBXGroup;
			children = (
				D655AE9C213988E600EDD513 /* LICENSE */,
				D655AEA0213988EB00EDD513 /* UnZipAndRar.podspec */,
				D655AE9D213988E600EDD513 /* README.md */,
				D68BC43F213988310031CF16 /* UnZipAndRar */,
				D68BC43E213988310031CF16 /* Products */,
			);
			sourceTree = "<group>";
		};
		D68BC43E213988310031CF16 /* Products */ = {
			isa = PBXGroup;
			children = (
				D68BC43D213988310031CF16 /* UnZipAndRar.app */,
			);
			name = Products;
			sourceTree = "<group>";
		};
		D68BC43F213988310031CF16 /* UnZipAndRar */ = {
			isa = PBXGroup;
			children = (
				D68BC440213988310031CF16 /* AppDelegate.swift */,
				D655AE9A213988CD00EDD513 /* univeralZipRarObject.swift */,
				D68BC447213988330031CF16 /* Assets.xcassets */,
				D68BC449213988330031CF16 /* LaunchScreen.storyboard */,
				D68BC44C213988330031CF16 /* Info.plist */,
			);
			path = UnZipAndRar;
			sourceTree = "<group>";
		};
/* End PBXGroup section */

/* Begin PBXNativeTarget section */
		D68BC43C213988310031CF16 /* UnZipAndRar */ = {
			isa = PBXNativeTarget;
			buildConfigurationList = D68BC44F213988330031CF16 /* Build configuration list for PBXNativeTarget "UnZipAndRar" */;
			buildPhases = (
				D68BC439213988310031CF16 /* Sources */,
				D68BC43A213988310031CF16 /* Frameworks */,
				D68BC43B213988310031CF16 /* Resources */,
			);
			buildRules = (
			);
			dependencies = (
			);
			name = UnZipAndRar;
			productName = UnZipAndRar;
			productReference = D68BC43D213988310031CF16 /* UnZipAndRar.app */;
			productType = "com.apple.product-type.application";
		};
/* End PBXNativeTarget section */

/* Begin PBXProject section */
		D68BC435213988310031CF16 /* Project object */ = {
			isa = PBXProject;
			attributes = {
				LastSwiftUpdateCheck = 0940;
				LastUpgradeCheck = 0940;
				ORGANIZATIONNAME = zhangqian;
				TargetAttributes = {
					D68BC43C213988310031CF16 = {
						CreatedOnToolsVersion = 9.4.1;
					};
				};
			};
			buildConfigurationList = D68BC438213988310031CF16 /* Build configuration list for PBXProject "UnZipAndRar" */;
			compatibilityVersion = "Xcode 9.3";
			developmentRegion = en;
			hasScannedForEncodings = 0;
			knownRegions = (
				en,
				Base,
			);
			mainGroup = D68BC434213988310031CF16;
			productRefGroup = D68BC43E213988310031CF16 /* Products */;
			projectDirPath = "";
			projectRoot = "";
			targets = (
				D68BC43C213988310031CF16 /* UnZipAndRar */,
			);
		};
/* End PBXProject section */

/* Begin PBXResourcesBuildPhase section */
		D68BC43B213988310031CF16 /* Resources */ = {
			isa = PBXResourcesBuildPhase;
			buildActionMask = 2147483647;
			files = (
				D655AE9E213988E600EDD513 /* LICENSE in Resources */,
				D655AEA1213988EB00EDD513 /* UnZipAndRar.podspec in Resources */,
				D68BC44B213988330031CF16 /* LaunchScreen.storyboard in Resources */,
				D655AE9F213988E600EDD513 /* README.md in Resources */,
				D68BC448213988330031CF16 /* Assets.xcassets in Resources */,
			);
			runOnlyForDeploymentPostprocessing = 0;
		};
/* End PBXResourcesBuildPhase section */

/* Begin PBXSourcesBuildPhase section */
		D68BC439213988310031CF16 /* Sources */ = {
			isa = PBXSourcesBuildPhase;
			buildActionMask = 2147483647;
			files = (
				D68BC441213988310031CF16 /* AppDelegate.swift in Sources */,
				D655AE9B213988CD00EDD513 /* univeralZipRarObject.swift in Sources */,
			);
			runOnlyForDeploymentPostprocessing = 0;
		};
/* End PBXSourcesBuildPhase section */

/* Begin PBXVariantGroup section */
		D68BC449213988330031CF16 /* LaunchScreen.storyboard */ = {
			isa = PBXVariantGroup;
			children = (
				D68BC44A213988330031CF16 /* Base */,
			);
			name = LaunchScreen.storyboard;
			sourceTree = "<group>";
		};
/* End PBXVariantGroup section */

/* Begin XCBuildConfiguration section */
		D68BC44D213988330031CF16 /* Debug */ = {
			isa = XCBuildConfiguration;
			buildSettings = {
				ALWAYS_SEARCH_USER_PATHS = NO;
				CLANG_ANALYZER_NONNULL = YES;
				CLANG_ANALYZER_NUMBER_OBJECT_CONVERSION = YES_AGGRESSIVE;
				CLANG_CXX_LANGUAGE_STANDARD = "gnu++14";
				CLANG_CXX_LIBRARY = "libc++";
				CLANG_ENABLE_MODULES = YES;
				CLANG_ENABLE_OBJC_ARC = YES;
				CLANG_ENABLE_OBJC_WEAK = YES;
				CLANG_WARN_BLOCK_CAPTURE_AUTORELEASING = YES;
				CLANG_WARN_BOOL_CONVERSION = YES;
				CLANG_WARN_COMMA = YES;
				CLANG_WARN_CONSTANT_CONVERSION = YES;
				CLANG_WARN_DEPRECATED_OBJC_IMPLEMENTATIONS = YES;
				CLANG_WARN_DIRECT_OBJC_ISA_USAGE = YES_ERROR;
				CLANG_WARN_DOCUMENTATION_COMMENTS = YES;
				CLANG_WARN_EMPTY_BODY = YES;
				CLANG_WARN_ENUM_CONVERSION = YES;
				CLANG_WARN_INFINITE_RECURSION = YES;
				CLANG_WARN_INT_CONVERSION = YES;
				CLANG_WARN_NON_LITERAL_NULL_CONVERSION = YES;
				CLANG_WARN_OBJC_IMPLICIT_RETAIN_SELF = YES;
				CLANG_WARN_OBJC_LITERAL_CONVERSION = YES;
				CLANG_WARN_OBJC_ROOT_CLASS = YES_ERROR;
				CLANG_WARN_RANGE_LOOP_ANALYSIS = YES;
				CLANG_WARN_STRICT_PROTOTYPES = YES;
				CLANG_WARN_SUSPICIOUS_MOVE = YES;
				CLANG_WARN_UNGUARDED_AVAILABILITY = YES_AGGRESSIVE;
				CLANG_WARN_UNREACHABLE_CODE = YES;
				CLANG_WARN__DUPLICATE_METHOD_MATCH = YES;
				CODE_SIGN_IDENTITY = "iPhone Developer";
				COPY_PHASE_STRIP = NO;
				DEBUG_INFORMATION_FORMAT = dwarf;
				ENABLE_STRICT_OBJC_MSGSEND = YES;
				ENABLE_TESTABILITY = YES;
				GCC_C_LANGUAGE_STANDARD = gnu11;
				GCC_DYNAMIC_NO_PIC = NO;
				GCC_NO_COMMON_BLOCKS = YES;
				GCC_OPTIMIZATION_LEVEL = 0;
				GCC_PREPROCESSOR_DEFINITIONS = (
					"DEBUG=1",
					"$(inherited)",
				);
				GCC_WARN_64_TO_32_BIT_CONVERSION = YES;
				GCC_WARN_ABOUT_RETURN_TYPE = YES_ERROR;
				GCC_WARN_UNDECLARED_SELECTOR = YES;
				GCC_WARN_UNINITIALIZED_AUTOS = YES_AGGRESSIVE;
				GCC_WARN_UNUSED_FUNCTION = YES;
				GCC_WARN_UNUSED_VARIABLE = YES;
				IPHONEOS_DEPLOYMENT_TARGET = 11.4;
				MTL_ENABLE_DEBUG_INFO = YES;
				ONLY_ACTIVE_ARCH = YES;
				SDKROOT = iphoneos;
				SWIFT_ACTIVE_COMPILATION_CONDITIONS = DEBUG;
				SWIFT_OPTIMIZATION_LEVEL = "-Onone";
			};
			name = Debug;
		};
		D68BC44E213988330031CF16 /* Release */ = {
			isa = XCBuildConfiguration;
			buildSettings = {
				ALWAYS_SEARCH_USER_PATHS = NO;
				CLANG_ANALYZER_NONNULL = YES;
				CLANG_ANALYZER_NUMBER_OBJECT_CONVERSION = YES_AGGRESSIVE;
				CLANG_CXX_LANGUAGE_STANDARD = "gnu++14";
				CLANG_CXX_LIBRARY = "libc++";
				CLANG_ENABLE_MODULES = YES;
				CLANG_ENABLE_OBJC_ARC = YES;
				CLANG_ENABLE_OBJC_WEAK = YES;
				CLANG_WARN_BLOCK_CAPTURE_AUTORELEASING = YES;
				CLANG_WARN_BOOL_CONVERSION = YES;
				CLANG_WARN_COMMA = YES;
				CLANG_WARN_CONSTANT_CONVERSION = YES;
				CLANG_WARN_DEPRECATED_OBJC_IMPLEMENTATIONS = YES;
				CLANG_WARN_DIRECT_OBJC_ISA_USAGE = YES_ERROR;
				CLANG_WARN_DOCUMENTATION_COMMENTS = YES;
				CLANG_WARN_EMPTY_BODY = YES;
				CLANG_WARN_ENUM_CONVERSION = YES;
				CLANG_WARN_INFINITE_RECURSION = YES;
				CLANG_WARN_INT_CONVERSION = YES;
				CLANG_WARN_NON_LITERAL_NULL_CONVERSION = YES;
				CLANG_WARN_OBJC_IMPLICIT_RETAIN_SELF = YES;
				CLANG_WARN_OBJC_LITERAL_CONVERSION = YES;
				CLANG_WARN_OBJC_ROOT_CLASS = YES_ERROR;
				CLANG_WARN_RANGE_LOOP_ANALYSIS = YES;
				CLANG_WARN_STRICT_PROTOTYPES = YES;
				CLANG_WARN_SUSPICIOUS_MOVE = YES;
				CLANG_WARN_UNGUARDED_AVAILABILITY = YES_AGGRESSIVE;
				CLANG_WARN_UNREACHABLE_CODE = YES;
				CLANG_WARN__DUPLICATE_METHOD_MATCH = YES;
				CODE_SIGN_IDENTITY = "iPhone Developer";
				COPY_PHASE_STRIP = NO;
				DEBUG_INFORMATION_FORMAT = "dwarf-with-dsym";
				ENABLE_NS_ASSERTIONS = NO;
				ENABLE_STRICT_OBJC_MSGSEND = YES;
				GCC_C_LANGUAGE_STANDARD = gnu11;
				GCC_NO_COMMON_BLOCKS = YES;
				GCC_WARN_64_TO_32_BIT_CONVERSION = YES;
				GCC_WARN_ABOUT_RETURN_TYPE = YES_ERROR;
				GCC_WARN_UNDECLARED_SELECTOR = YES;
				GCC_WARN_UNINITIALIZED_AUTOS = YES_AGGRESSIVE;
				GCC_WARN_UNUSED_FUNCTION = YES;
				GCC_WARN_UNUSED_VARIABLE = YES;
				IPHONEOS_DEPLOYMENT_TARGET = 11.4;
				MTL_ENABLE_DEBUG_INFO = NO;
				SDKROOT = iphoneos;
				SWIFT_COMPILATION_MODE = wholemodule;
				SWIFT_OPTIMIZATION_LEVEL = "-O";
				VALIDATE_PRODUCT = YES;
			};
			name = Release;
		};
		D68BC450213988330031CF16 /* Debug */ = {
			isa = XCBuildConfiguration;
			buildSettings = {
				ASSETCATALOG_COMPILER_APPICON_NAME = AppIcon;
				CODE_SIGN_STYLE = Automatic;
				DEVELOPMENT_TEAM = E5VG453CHM;
				INFOPLIST_FILE = UnZipAndRar/Info.plist;
				LD_RUNPATH_SEARCH_PATHS = (
					"$(inherited)",
					"@executable_path/Frameworks",
				);
				PRODUCT_BUNDLE_IDENTIFIER = com.zhangqian.UnZipAndRar;
				PRODUCT_NAME = "$(TARGET_NAME)";
				SWIFT_VERSION = 4.0;
				TARGETED_DEVICE_FAMILY = "1,2";
			};
			name = Debug;
		};
		D68BC451213988330031CF16 /* Release */ = {
			isa = XCBuildConfiguration;
			buildSettings = {
				ASSETCATALOG_COMPILER_APPICON_NAME = AppIcon;
				CODE_SIGN_STYLE = Automatic;
				DEVELOPMENT_TEAM = E5VG453CHM;
				INFOPLIST_FILE = UnZipAndRar/Info.plist;
				LD_RUNPATH_SEARCH_PATHS = (
					"$(inherited)",
					"@executable_path/Frameworks",
				);
				PRODUCT_BUNDLE_IDENTIFIER = com.zhangqian.UnZipAndRar;
				PRODUCT_NAME = "$(TARGET_NAME)";
				SWIFT_VERSION = 4.0;
				TARGETED_DEVICE_FAMILY = "1,2";
			};
			name = Release;
		};
/* End XCBuildConfiguration section */

/* Begin XCConfigurationList section */
		D68BC438213988310031CF16 /* Build configuration list for PBXProject "UnZipAndRar" */ = {
			isa = XCConfigurationList;
			buildConfigurations = (
				D68BC44D213988330031CF16 /* Debug */,
				D68BC44E213988330031CF16 /* Release */,
			);
			defaultConfigurationIsVisible = 0;
			defaultConfigurationName = Release;
		};
		D68BC44F213988330031CF16 /* Build configuration list for PBXNativeTarget "UnZipAndRar" */ = {
			isa = XCConfigurationList;
			buildConfigurations = (
				D68BC450213988330031CF16 /* Debug */,
				D68BC451213988330031CF16 /* Release */,
			);
			defaultConfigurationIsVisible = 0;
			defaultConfigurationName = Release;
		};
/* End XCConfigurationList section */
	};
	rootObject = D68BC435213988310031CF16 /* Project object */;
}
